
Microsoft Visual Studio Solution File, Format Version 12.00
# Visual Studio Version 17
VisualStudioVersion = 17.13.35931.197 d17.13
MinimumVisualStudioVersion = 10.0.40219.1
Project("{FAE04EC0-301F-11D3-BF4B-00C04F79EFBC}") = "EmployeeAdminPortal", "EmployeeAdminPortal\EmployeeAdminPortal.csproj", "{40EA090C-D05A-4086-A99B-849D8890BBEB}"
EndProject
Global
	GlobalSection(SolutionConfigurationPlatforms) = preSolution
		Debug|Any CPU = Debug|Any CPU
		Release|Any CPU = Release|Any CPU
	EndGlobalSection
	GlobalSection(ProjectConfigurationPlatforms) = postSolution
		{40EA090C-D05A-4086-A99B-849D8890BBEB}.Debug|Any CPU.ActiveCfg = Debug|Any CPU
		{40EA090C-D05A-4086-A99B-849D8890BBEB}.Debug|Any CPU.Build.0 = Debug|Any CPU
		{40EA090C-D05A-4086-A99B-849D8890BBEB}.Release|Any CPU.ActiveCfg = Release|Any CPU
		{40EA090C-D05A-4086-A99B-849D8890BBEB}.Release|Any CPU.Build.0 = Release|Any CPU
	EndGlobalSection
	GlobalSection(SolutionProperties) = preSolution
		HideSolutionNode = FALSE
	EndGlobalSection
	GlobalSection(ExtensibilityGlobals) = postSolution
		SolutionGuid = {94AED27D-F222-446B-A4A5-3512245BC6B5}
	EndGlobalSection
EndGlobal
